
Microsoft Visual Studio Solution File, Format Version 12.00
# Visual Studio Version 16
VisualStudioVersion = 16.0.31727.386
MinimumVisualStudioVersion = 10.0.40219.1
Project("{9A19103F-16F7-4668-BE54-9A1E7A4F7556}") = "EBusiness", "EBusiness\EBusiness.csproj", "{53D7D456-314A-4910-A9C0-CF716417C6E0}"
EndProject
Project("{9A19103F-16F7-4668-BE54-9A1E7A4F7556}") = "EbuisnessUnitTest", "UnitTestData\EbuisnessUnitTest.csproj", "{4A996C3A-F45D-42E0-9754-3764FD90EC61}"
EndProject
Project("{9A19103F-16F7-4668-BE54-9A1E7A4F7556}") = "EBuisnessProcessors", "EBuisnessProcessors\EBuisnessProcessors.csproj", "{8A3CA8CA-90B4-46C8-9641-EBBD890B4F81}"
EndProject
Global
	GlobalSection(SolutionConfigurationPlatforms) = preSolution
		Debug|Any CPU = Debug|Any CPU
		Release|Any CPU = Release|Any CPU
	EndGlobalSection
	GlobalSection(ProjectConfigurationPlatforms) = postSolution
		{53D7D456-314A-4910-A9C0-CF716417C6E0}.Debug|Any CPU.ActiveCfg = Debug|Any CPU
		{53D7D456-314A-4910-A9C0-CF716417C6E0}.Debug|Any CPU.Build.0 = Debug|Any CPU
		{53D7D456-314A-4910-A9C0-CF716417C6E0}.Release|Any CPU.ActiveCfg = Release|Any CPU
		{53D7D456-314A-4910-A9C0-CF716417C6E0}.Release|Any CPU.Build.0 = Release|Any CPU
		{4A996C3A-F45D-42E0-9754-3764FD90EC61}.Debug|Any CPU.ActiveCfg = Debug|Any CPU
		{4A996C3A-F45D-42E0-9754-3764FD90EC61}.Debug|Any CPU.Build.0 = Debug|Any CPU
		{4A996C3A-F45D-42E0-9754-3764FD90EC61}.Release|Any CPU.ActiveCfg = Release|Any CPU
		{4A996C3A-F45D-42E0-9754-3764FD90EC61}.Release|Any CPU.Build.0 = Release|Any CPU
		{8A3CA8CA-90B4-46C8-9641-EBBD890B4F81}.Debug|Any CPU.ActiveCfg = Debug|Any CPU
		{8A3CA8CA-90B4-46C8-9641-EBBD890B4F81}.Debug|Any CPU.Build.0 = Debug|Any CPU
		{8A3CA8CA-90B4-46C8-9641-EBBD890B4F81}.Release|Any CPU.ActiveCfg = Release|Any CPU
		{8A3CA8CA-90B4-46C8-9641-EBBD890B4F81}.Release|Any CPU.Build.0 = Release|Any CPU
	EndGlobalSection
	GlobalSection(SolutionProperties) = preSolution
		HideSolutionNode = FALSE
	EndGlobalSection
	GlobalSection(ExtensibilityGlobals) = postSolution
		SolutionGuid = {FA478F05-327A-4F05-98D4-13907DCB8CA9}
	EndGlobalSection
EndGlobal
